
Microsoft Visual Studio Solution File, Format Version 12.00
# Visual Studio 15
VisualStudioVersion = 15.0.28307.960
MinimumVisualStudioVersion = 10.0.40219.1
Project("{FAE04EC0-301F-11D3-BF4B-00C04F79EFBC}") = "FilmesWebAPI", "FilmesWebAPI\FilmesWebAPI.csproj", "{DC346565-C59B-4BCE-9D46-C565F41D5E66}"
EndProject
Global
	GlobalSection(SolutionConfigurationPlatforms) = preSolution
		Debug|Any CPU = Debug|Any CPU
		Release|Any CPU = Release|Any CPU
	EndGlobalSection
	GlobalSection(ProjectConfigurationPlatforms) = postSolution
		{DC346565-C59B-4BCE-9D46-C565F41D5E66}.Debug|Any CPU.ActiveCfg = Debug|Any CPU
		{DC346565-C59B-4BCE-9D46-C565F41D5E66}.Debug|Any CPU.Build.0 = Debug|Any CPU
		{DC346565-C59B-4BCE-9D46-C565F41D5E66}.Release|Any CPU.ActiveCfg = Release|Any CPU
		{DC346565-C59B-4BCE-9D46-C565F41D5E66}.Release|Any CPU.Build.0 = Release|Any CPU
	EndGlobalSection
	GlobalSection(SolutionProperties) = preSolution
		HideSolutionNode = FALSE
	EndGlobalSection
	GlobalSection(ExtensibilityGlobals) = postSolution
		SolutionGuid = {101C388E-A477-45C4-B872-8394FB063BDF}
	EndGlobalSection
EndGlobal
